// !$*UTF8*$!
{
	archiveVersion = 1;
	classes = {
	};
	objectVersion = 50;
	objects = {

/* Begin PBXBuildFile section */
		621DA3C12707A073004A04CF /* AppDelegate.swift in Sources */ = {isa = PBXBuildFile; fileRef = 621DA3C02707A073004A04CF /* AppDelegate.swift */; };
		621DA3C32707A073004A04CF /* SceneDelegate.swift in Sources */ = {isa = PBXBuildFile; fileRef = 621DA3C22707A073004A04CF /* SceneDelegate.swift */; };
		621DA3C52707A073004A04CF /* ViewController.swift in Sources */ = {isa = PBXBuildFile; fileRef = 621DA3C42707A073004A04CF /* ViewController.swift */; };
		621DA3CB2707A073004A04CF /* magic_app.xcdatamodeld in Sources */ = {isa = PBXBuildFile; fileRef = 621DA3C92707A073004A04CF /* magic_app.xcdatamodeld */; };
		621DA3CD2707A075004A04CF /* Assets.xcassets in Resources */ = {isa = PBXBuildFile; fileRef = 621DA3CC2707A075004A04CF /* Assets.xcassets */; };
		621DA3D02707A075004A04CF /* LaunchScreen.storyboard in Resources */ = {isa = PBXBuildFile; fileRef = 621DA3CE2707A075004A04CF /* LaunchScreen.storyboard */; };
		621DA3DB2707A076004A04CF /* magic_appTests.swift in Sources */ = {isa = PBXBuildFile; fileRef = 621DA3DA2707A076004A04CF /* magic_appTests.swift */; };
		621DA3E62707A076004A04CF /* magic_appUITests.swift in Sources */ = {isa = PBXBuildFile; fileRef = 621DA3E52707A076004A04CF /* magic_appUITests.swift */; };
/* End PBXBuildFile section */

/* Begin PBXContainerItemProxy section */
		621DA3D72707A076004A04CF /* PBXContainerItemProxy */ = {
			isa = PBXContainerItemProxy;
			containerPortal = 621DA3B52707A073004A04CF /* Project object */;
			proxyType = 1;
			remoteGlobalIDString = 621DA3BC2707A073004A04CF;
			remoteInfo = "magic-app";
		};
		621DA3E22707A076004A04CF /* PBXContainerItemProxy */ = {
			isa = PBXContainerItemProxy;
			containerPortal = 621DA3B52707A073004A04CF /* Project object */;
			proxyType = 1;
			remoteGlobalIDString = 621DA3BC2707A073004A04CF;
			remoteInfo = "magic-app";
		};
/* End PBXContainerItemProxy section */

/* Begin PBXFileReference section */
		621DA3BD2707A073004A04CF /* magic-app.app */ = {isa = PBXFileReference; explicitFileType = wrapper.application; includeInIndex = 0; path = "magic-app.app"; sourceTree = BUILT_PRODUCTS_DIR; };
		621DA3C02707A073004A04CF /* AppDelegate.swift */ = {isa = PBXFileReference; lastKnownFileType = sourcecode.swift; path = AppDelegate.swift; sourceTree = "<group>"; };
		621DA3C22707A073004A04CF /* SceneDelegate.swift */ = {isa = PBXFileReference; lastKnownFileType = sourcecode.swift; path = SceneDelegate.swift; sourceTree = "<group>"; };
		621DA3C42707A073004A04CF /* ViewController.swift */ = {isa = PBXFileReference; lastKnownFileType = sourcecode.swift; path = ViewController.swift; sourceTree = "<group>"; };
		621DA3CA2707A073004A04CF /* magic_app.xcdatamodel */ = {isa = PBXFileReference; lastKnownFileType = wrapper.xcdatamodel; path = magic_app.xcdatamodel; sourceTree = "<group>"; };
		621DA3CC2707A075004A04CF /* Assets.xcassets */ = {isa = PBXFileReference; lastKnownFileType = folder.assetcatalog; path = Assets.xcassets; sourceTree = "<group>"; };
		621DA3CF2707A075004A04CF /* Base */ = {isa = PBXFileReference; lastKnownFileType = file.storyboard; name = Base; path = Base.lproj/LaunchScreen.storyboard; sourceTree = "<group>"; };
		621DA3D12707A075004A04CF /* Info.plist */ = {isa = PBXFileReference; lastKnownFileType = text.plist.xml; path = Info.plist; sourceTree = "<group>"; };
		621DA3D62707A076004A04CF /* magic-appTests.xctest */ = {isa = PBXFileReference; explicitFileType = wrapper.cfbundle; includeInIndex = 0; path = "magic-appTests.xctest"; sourceTree = BUILT_PRODUCTS_DIR; };
		621DA3DA2707A076004A04CF /* magic_appTests.swift */ = {isa = PBXFileReference; lastKnownFileType = sourcecode.swift; path = magic_appTests.swift; sourceTree = "<group>"; };
		621DA3DC2707A076004A04CF /* Info.plist */ = {isa = PBXFileReference; lastKnownFileType = text.plist.xml; path = Info.plist; sourceTree = "<group>"; };
		621DA3E12707A076004A04CF /* magic-appUITests.xctest */ = {isa = PBXFileReference; explicitFileType = wrapper.cfbundle; includeInIndex = 0; path = "magic-appUITests.xctest"; sourceTree = BUILT_PRODUCTS_DIR; };
		621DA3E52707A076004A04CF /* magic_appUITests.swift */ = {isa = PBXFileReference; lastKnownFileType = sourcecode.swift; path = magic_appUITests.swift; sourceTree = "<group>"; };
		621DA3E72707A076004A04CF /* Info.plist */ = {isa = PBXFileReference; lastKnownFileType = text.plist.xml; path = Info.plist; sourceTree = "<group>"; };
/* End PBXFileReference section */

/* Begin PBXFrameworksBuildPhase section */
		621DA3BA2707A073004A04CF /* Frameworks */ = {
			isa = PBXFrameworksBuildPhase;
			buildActionMask = 2147483647;
			files = (
			);
			runOnlyForDeploymentPostprocessing = 0;
		};
		621DA3D32707A076004A04CF /* Frameworks */ = {
			isa = PBXFrameworksBuildPhase;
			buildActionMask = 2147483647;
			files = (
			);
			runOnlyForDeploymentPostprocessing = 0;
		};
		621DA3DE2707A076004A04CF /* Frameworks */ = {
			isa = PBXFrameworksBuildPhase;
			buildActionMask = 2147483647;
			files = (
			);
			runOnlyForDeploymentPostprocessing = 0;
		};
/* End PBXFrameworksBuildPhase section */

/* Begin PBXGroup section */
		621C42DB270B29740087FFBD /* Frameworks */ = {
			isa = PBXGroup;
			children = (
			);
			name = Frameworks;
			sourceTree = "<group>";
		};
		621DA3B42707A073004A04CF = {
			isa = PBXGroup;
			children = (
				621DA3BF2707A073004A04CF /* magic-app */,
				621DA3D92707A076004A04CF /* magic-appTests */,
				621DA3E42707A076004A04CF /* magic-appUITests */,
				621DA3BE2707A073004A04CF /* Products */,
				621C42DB270B29740087FFBD /* Frameworks */,
			);
			sourceTree = "<group>";
		};
		621DA3BE2707A073004A04CF /* Products */ = {
			isa = PBXGroup;
			children = (
				621DA3BD2707A073004A04CF /* magic-app.app */,
				621DA3D62707A076004A04CF /* magic-appTests.xctest */,
				621DA3E12707A076004A04CF /* magic-appUITests.xctest */,
			);
			name = Products;
			sourceTree = "<group>";
		};
		621DA3BF2707A073004A04CF /* magic-app */ = {
			isa = PBXGroup;
			children = (
				621DA3C02707A073004A04CF /* AppDelegate.swift */,
				621DA3C22707A073004A04CF /* SceneDelegate.swift */,
				621DA3C42707A073004A04CF /* ViewController.swift */,
				621DA3CC2707A075004A04CF /* Assets.xcassets */,
				621DA3CE2707A075004A04CF /* LaunchScreen.storyboard */,
				621DA3D12707A075004A04CF /* Info.plist */,
				621DA3C92707A073004A04CF /* magic_app.xcdatamodeld */,
			);
			path = "magic-app";
			sourceTree = "<group>";
		};
		621DA3D92707A076004A04CF /* magic-appTests */ = {
			isa = PBXGroup;
			children = (
				621DA3DA2707A076004A04CF /* magic_appTests.swift */,
				621DA3DC2707A076004A04CF /* Info.plist */,
			);
			path = "magic-appTests";
			sourceTree = "<group>";
		};
		621DA3E42707A076004A04CF /* magic-appUITests */ = {
			isa = PBXGroup;
			children = (
				621DA3E52707A076004A04CF /* magic_appUITests.swift */,
				621DA3E72707A076004A04CF /* Info.plist */,
			);
			path = "magic-appUITests";
			sourceTree = "<group>";
		};
/* End PBXGroup section */

/* Begin PBXNativeTarget section */
		621DA3BC2707A073004A04CF /* magic-app */ = {
			isa = PBXNativeTarget;
			buildConfigurationList = 621DA3EA2707A076004A04CF /* Build configuration list for PBXNativeTarget "magic-app" */;
			buildPhases = (
				621DA3B92707A073004A04CF /* Sources */,
				621DA3BA2707A073004A04CF /* Frameworks */,
				621DA3BB2707A073004A04CF /* Resources */,
			);
			buildRules = (
			);
			dependencies = (
			);
			name = "magic-app";
			packageProductDependencies = (
			);
			productName = "magic-app";
			productReference = 621DA3BD2707A073004A04CF /* magic-app.app */;
			productType = "com.apple.product-type.application";
		};
		621DA3D52707A076004A04CF /* magic-appTests */ = {
			isa = PBXNativeTarget;
			buildConfigurationList = 621DA3ED2707A076004A04CF /* Build configuration list for PBXNativeTarget "magic-appTests" */;
			buildPhases = (
				621DA3D22707A076004A04CF /* Sources */,
				621DA3D32707A076004A04CF /* Frameworks */,
				621DA3D42707A076004A04CF /* Resources */,
			);
			buildRules = (
			);
			dependencies = (
				621DA3D82707A076004A04CF /* PBXTargetDependency */,
			);
			name = "magic-appTests";
			productName = "magic-appTests";
			productReference = 621DA3D62707A076004A04CF /* magic-appTests.xctest */;
			productType = "com.apple.product-type.bundle.unit-test";
		};
		621DA3E02707A076004A04CF /* magic-appUITests */ = {
			isa = PBXNativeTarget;
			buildConfigurationList = 621DA3F02707A076004A04CF /* Build configuration list for PBXNativeTarget "magic-appUITests" */;
			buildPhases = (
				621DA3DD2707A076004A04CF /* Sources */,
				621DA3DE2707A076004A04CF /* Frameworks */,
				621DA3DF2707A076004A04CF /* Resources */,
			);
			buildRules = (
			);
			dependencies = (
				621DA3E32707A076004A04CF /* PBXTargetDependency */,
			);
			name = "magic-appUITests";
			productName = "magic-appUITests";
			productReference = 621DA3E12707A076004A04CF /* magic-appUITests.xctest */;
			productType = "com.apple.product-type.bundle.ui-testing";
		};
/* End PBXNativeTarget section */

/* Begin PBXProject section */
		621DA3B52707A073004A04CF /* Project object */ = {
			isa = PBXProject;
			attributes = {
				LastSwiftUpdateCheck = 1240;
				LastUpgradeCheck = 1240;
				TargetAttributes = {
					621DA3BC2707A073004A04CF = {
						CreatedOnToolsVersion = 12.4;
					};
					621DA3D52707A076004A04CF = {
						CreatedOnToolsVersion = 12.4;
						TestTargetID = 621DA3BC2707A073004A04CF;
					};
					621DA3E02707A076004A04CF = {
						CreatedOnToolsVersion = 12.4;
						TestTargetID = 621DA3BC2707A073004A04CF;
					};
				};
			};
			buildConfigurationList = 621DA3B82707A073004A04CF /* Build configuration list for PBXProject "magic-app" */;
			compatibilityVersion = "Xcode 9.3";
			developmentRegion = en;
			hasScannedForEncodings = 0;
			knownRegions = (
				en,
				Base,
			);
			mainGroup = 621DA3B42707A073004A04CF;
			productRefGroup = 621DA3BE2707A073004A04CF /* Products */;
			projectDirPath = "";
			projectRoot = "";
			targets = (
				621DA3BC2707A073004A04CF /* magic-app */,
				621DA3D52707A076004A04CF /* magic-appTests */,
				621DA3E02707A076004A04CF /* magic-appUITests */,
			);
		};
/* End PBXProject section */

/* Begin PBXResourcesBuildPhase section */
		621DA3BB2707A073004A04CF /* Resources */ = {
			isa = PBXResourcesBuildPhase;
			buildActionMask = 2147483647;
			files = (
				621DA3D02707A075004A04CF /* LaunchScreen.storyboard in Resources */,
				621DA3CD2707A075004A04CF /* Assets.xcassets in Resources */,
			);
			runOnlyForDeploymentPostprocessing = 0;
		};
		621DA3D42707A076004A04CF /* Resources */ = {
			isa = PBXResourcesBuildPhase;
			buildActionMask = 2147483647;
			files = (
			);
			runOnlyForDeploymentPostprocessing = 0;
		};
		621DA3DF2707A076004A04CF /* Resources */ = {
			isa = PBXResourcesBuildPhase;
			buildActionMask = 2147483647;
			files = (
			);
			runOnlyForDeploymentPostprocessing = 0;
		};
/* End PBXResourcesBuildPhase section */

/* Begin PBXSourcesBuildPhase section */
		621DA3B92707A073004A04CF /* Sources */ = {
			isa = PBXSourcesBuildPhase;
			buildActionMask = 2147483647;
			files = (
				621DA3C52707A073004A04CF /* ViewController.swift in Sources */,
				621DA3C12707A073004A04CF /* AppDelegate.swift in Sources */,
				621DA3C32707A073004A04CF /* SceneDelegate.swift in Sources */,
				621DA3CB2707A073004A04CF /* magic_app.xcdatamodeld in Sources */,
			);
			runOnlyForDeploymentPostprocessing = 0;
		};
		621DA3D22707A076004A04CF /* Sources */ = {
			isa = PBXSourcesBuildPhase;
			buildActionMask = 2147483647;
			files = (
				621DA3DB2707A076004A04CF /* magic_appTests.swift in Sources */,
			);
			runOnlyForDeploymentPostprocessing = 0;
		};
		621DA3DD2707A076004A04CF /* Sources */ = {
			isa = PBXSourcesBuildPhase;
			buildActionMask = 2147483647;
			files = (
				621DA3E62707A076004A04CF /* magic_appUITests.swift in Sources */,
			);
			runOnlyForDeploymentPostprocessing = 0;
		};
/* End PBXSourcesBuildPhase section */

/* Begin PBXTargetDependency section */
		621DA3D82707A076004A04CF /* PBXTargetDependency */ = {
			isa = PBXTargetDependency;
			target = 621DA3BC2707A073004A04CF /* magic-app */;
			targetProxy = 621DA3D72707A076004A04CF /* PBXContainerItemProxy */;
		};
		621DA3E32707A076004A04CF /* PBXTargetDependency */ = {
			isa = PBXTargetDependency;
			target = 621DA3BC2707A073004A04CF /* magic-app */;
			targetProxy = 621DA3E22707A076004A04CF /* PBXContainerItemProxy */;
		};
/* End PBXTargetDependency section */

/* Begin PBXVariantGroup section */
		621DA3CE2707A075004A04CF /* LaunchScreen.storyboard */ = {
			isa = PBXVariantGroup;
			children = (
				621DA3CF2707A075004A04CF /* Base */,
			);
			name = LaunchScreen.storyboard;
			sourceTree = "<group>";
		};
/* End PBXVariantGroup section */

/* Begin XCBuildConfiguration section */
		621DA3E82707A076004A04CF /* Debug */ = {
			isa = XCBuildConfiguration;
			buildSettings = {
				ALWAYS_SEARCH_USER_PATHS = NO;
				CLANG_ANALYZER_NONNULL = YES;
				CLANG_ANALYZER_NUMBER_OBJECT_CONVERSION = YES_AGGRESSIVE;
				CLANG_CXX_LANGUAGE_STANDARD = "gnu++14";
				CLANG_CXX_LIBRARY = "libc++";
				CLANG_ENABLE_MODULES = YES;
				CLANG_ENABLE_OBJC_ARC = YES;
				CLANG_ENABLE_OBJC_WEAK = YES;
				CLANG_WARN_BLOCK_CAPTURE_AUTORELEASING = YES;
				CLANG_WARN_BOOL_CONVERSION = YES;
				CLANG_WARN_COMMA = YES;
				CLANG_WARN_CONSTANT_CONVERSION = YES;
				CLANG_WARN_DEPRECATED_OBJC_IMPLEMENTATIONS = YES;
				CLANG_WARN_DIRECT_OBJC_ISA_USAGE = YES_ERROR;
				CLANG_WARN_DOCUMENTATION_COMMENTS = YES;
				CLANG_WARN_EMPTY_BODY = YES;
				CLANG_WARN_ENUM_CONVERSION = YES;
				CLANG_WARN_INFINITE_RECURSION = YES;
				CLANG_WARN_INT_CONVERSION = YES;
				CLANG_WARN_NON_LITERAL_NULL_CONVERSION = YES;
				CLANG_WARN_OBJC_IMPLICIT_RETAIN_SELF = YES;
				CLANG_WARN_OBJC_LITERAL_CONVERSION = YES;
				CLANG_WARN_OBJC_ROOT_CLASS = YES_ERROR;
				CLANG_WARN_QUOTED_INCLUDE_IN_FRAMEWORK_HEADER = YES;
				CLANG_WARN_RANGE_LOOP_ANALYSIS = YES;
				CLANG_WARN_STRICT_PROTOTYPES = YES;
				CLANG_WARN_SUSPICIOUS_MOVE = YES;
				CLANG_WARN_UNGUARDED_AVAILABILITY = YES_AGGRESSIVE;
				CLANG_WARN_UNREACHABLE_CODE = YES;
				CLANG_WARN__DUPLICATE_METHOD_MATCH = YES;
				COPY_PHASE_STRIP = NO;
				DEBUG_INFORMATION_FORMAT = dwarf;
				ENABLE_STRICT_OBJC_MSGSEND = YES;
				ENABLE_TESTABILITY = YES;
				GCC_C_LANGUAGE_STANDARD = gnu11;
				GCC_DYNAMIC_NO_PIC = NO;
				GCC_NO_COMMON_BLOCKS = YES;
				GCC_OPTIMIZATION_LEVEL = 0;
				GCC_PREPROCESSOR_DEFINITIONS = (
					"DEBUG=1",
					"$(inherited)",
				);
				GCC_WARN_64_TO_32_BIT_CONVERSION = YES;
				GCC_WARN_ABOUT_RETURN_TYPE = YES_ERROR;
				GCC_WARN_UNDECLARED_SELECTOR = YES;
				GCC_WARN_UNINITIALIZED_AUTOS = YES_AGGRESSIVE;
				GCC_WARN_UNUSED_FUNCTION = YES;
				GCC_WARN_UNUSED_VARIABLE = YES;
				IPHONEOS_DEPLOYMENT_TARGET = 14.4;
				MTL_ENABLE_DEBUG_INFO = INCLUDE_SOURCE;
				MTL_FAST_MATH = YES;
				ONLY_ACTIVE_ARCH = YES;
				SDKROOT = iphoneos;
				SWIFT_ACTIVE_COMPILATION_CONDITIONS = DEBUG;
				SWIFT_OPTIMIZATION_LEVEL = "-Onone";
			};
			name = Debug;
		};
		621DA3E92707A076004A04CF /* Release */ = {
			isa = XCBuildConfiguration;
			buildSettings = {
				ALWAYS_SEARCH_USER_PATHS = NO;
				CLANG_ANALYZER_NONNULL = YES;
				CLANG_ANALYZER_NUMBER_OBJECT_CONVERSION = YES_AGGRESSIVE;
				CLANG_CXX_LANGUAGE_STANDARD = "gnu++14";
				CLANG_CXX_LIBRARY = "libc++";
				CLANG_ENABLE_MODULES = YES;
				CLANG_ENABLE_OBJC_ARC = YES;
				CLANG_ENABLE_OBJC_WEAK = YES;
				CLANG_WARN_BLOCK_CAPTURE_AUTORELEASING = YES;
				CLANG_WARN_BOOL_CONVERSION = YES;
				CLANG_WARN_COMMA = YES;
				CLANG_WARN_CONSTANT_CONVERSION = YES;
				CLANG_WARN_DEPRECATED_OBJC_IMPLEMENTATIONS = YES;
				CLANG_WARN_DIRECT_OBJC_ISA_USAGE = YES_ERROR;
				CLANG_WARN_DOCUMENTATION_COMMENTS = YES;
				CLANG_WARN_EMPTY_BODY = YES;
				CLANG_WARN_ENUM_CONVERSION = YES;
				CLANG_WARN_INFINITE_RECURSION = YES;
				CLANG_WARN_INT_CONVERSION = YES;
				CLANG_WARN_NON_LITERAL_NULL_CONVERSION = YES;
				CLANG_WARN_OBJC_IMPLICIT_RETAIN_SELF = YES;
				CLANG_WARN_OBJC_LITERAL_CONVERSION = YES;
				CLANG_WARN_OBJC_ROOT_CLASS = YES_ERROR;
				CLANG_WARN_QUOTED_INCLUDE_IN_FRAMEWORK_HEADER = YES;
				CLANG_WARN_RANGE_LOOP_ANALYSIS = YES;
				CLANG_WARN_STRICT_PROTOTYPES = YES;
				CLANG_WARN_SUSPICIOUS_MOVE = YES;
				CLANG_WARN_UNGUARDED_AVAILABILITY = YES_AGGRESSIVE;
				CLANG_WARN_UNREACHABLE_CODE = YES;
				CLANG_WARN__DUPLICATE_METHOD_MATCH = YES;
				COPY_PHASE_STRIP = NO;
				DEBUG_INFORMATION_FORMAT = "dwarf-with-dsym";
				ENABLE_NS_ASSERTIONS = NO;
				ENABLE_STRICT_OBJC_MSGSEND = YES;
				GCC_C_LANGUAGE_STANDARD = gnu11;
				GCC_NO_COMMON_BLOCKS = YES;
				GCC_WARN_64_TO_32_BIT_CONVERSION = YES;
				GCC_WARN_ABOUT_RETURN_TYPE = YES_ERROR;
				GCC_WARN_UNDECLARED_SELECTOR = YES;
				GCC_WARN_UNINITIALIZED_AUTOS = YES_AGGRESSIVE;
				GCC_WARN_UNUSED_FUNCTION = YES;
				GCC_WARN_UNUSED_VARIABLE = YES;
				IPHONEOS_DEPLOYMENT_TARGET = 14.4;
				MTL_ENABLE_DEBUG_INFO = NO;
				MTL_FAST_MATH = YES;
				SDKROOT = iphoneos;
				SWIFT_COMPILATION_MODE = wholemodule;
				SWIFT_OPTIMIZATION_LEVEL = "-O";
				VALIDATE_PRODUCT = YES;
			};
			name = Release;
		};
		621DA3EB2707A076004A04CF /* Debug */ = {
			isa = XCBuildConfiguration;
			buildSettings = {
				ASSETCATALOG_COMPILER_APPICON_NAME = AppIcon;
				ASSETCATALOG_COMPILER_GLOBAL_ACCENT_COLOR_NAME = AccentColor;
				CODE_SIGN_STYLE = Automatic;
				INFOPLIST_FILE = "magic-app/Info.plist";
				IPHONEOS_DEPLOYMENT_TARGET = 14.4;
				LD_RUNPATH_SEARCH_PATHS = (
					"$(inherited)",
					"@executable_path/Frameworks",
				);
				PRODUCT_BUNDLE_IDENTIFIER = "concrete.bootcamp.magic-app";
				PRODUCT_NAME = "$(TARGET_NAME)";
				SWIFT_VERSION = 5.0;
				TARGETED_DEVICE_FAMILY = 1;
			};
			name = Debug;
		};
		621DA3EC2707A076004A04CF /* Release */ = {
			isa = XCBuildConfiguration;
			buildSettings = {
				ASSETCATALOG_COMPILER_APPICON_NAME = AppIcon;
				ASSETCATALOG_COMPILER_GLOBAL_ACCENT_COLOR_NAME = AccentColor;
				CODE_SIGN_STYLE = Automatic;
				INFOPLIST_FILE = "magic-app/Info.plist";
				IPHONEOS_DEPLOYMENT_TARGET = 14.4;
				LD_RUNPATH_SEARCH_PATHS = (
					"$(inherited)",
					"@executable_path/Frameworks",
				);
				PRODUCT_BUNDLE_IDENTIFIER = "concrete.bootcamp.magic-app";
				PRODUCT_NAME = "$(TARGET_NAME)";
				SWIFT_VERSION = 5.0;
				TARGETED_DEVICE_FAMILY = 1;
			};
			name = Release;
		};
		621DA3EE2707A076004A04CF /* Debug */ = {
			isa = XCBuildConfiguration;
			buildSettings = {
				ALWAYS_EMBED_SWIFT_STANDARD_LIBRARIES = YES;
				BUNDLE_LOADER = "$(TEST_HOST)";
				CODE_SIGN_STYLE = Automatic;
				INFOPLIST_FILE = "magic-appTests/Info.plist";
				IPHONEOS_DEPLOYMENT_TARGET = 14.4;
				LD_RUNPATH_SEARCH_PATHS = (
					"$(inherited)",
					"@executable_path/Frameworks",
					"@loader_path/Frameworks",
				);
				PRODUCT_BUNDLE_IDENTIFIER = "concrete.bootcamp.magic-appTests";
				PRODUCT_NAME = "$(TARGET_NAME)";
				SWIFT_VERSION = 5.0;
				TARGETED_DEVICE_FAMILY = "1,2";
				TEST_HOST = "$(BUILT_PRODUCTS_DIR)/magic-app.app/magic-app";
			};
			name = Debug;
		};
		621DA3EF2707A076004A04CF /* Release */ = {
			isa = XCBuildConfiguration;
			buildSettings = {
				ALWAYS_EMBED_SWIFT_STANDARD_LIBRARIES = YES;
				BUNDLE_LOADER = "$(TEST_HOST)";
				CODE_SIGN_STYLE = Automatic;
				INFOPLIST_FILE = "magic-appTests/Info.plist";
				IPHONEOS_DEPLOYMENT_TARGET = 14.4;
				LD_RUNPATH_SEARCH_PATHS = (
					"$(inherited)",
					"@executable_path/Frameworks",
					"@loader_path/Frameworks",
				);
				PRODUCT_BUNDLE_IDENTIFIER = "concrete.bootcamp.magic-appTests";
				PRODUCT_NAME = "$(TARGET_NAME)";
				SWIFT_VERSION = 5.0;
				TARGETED_DEVICE_FAMILY = "1,2";
				TEST_HOST = "$(BUILT_PRODUCTS_DIR)/magic-app.app/magic-app";
			};
			name = Release;
		};
		621DA3F12707A076004A04CF /* Debug */ = {
			isa = XCBuildConfiguration;
			buildSettings = {
				ALWAYS_EMBED_SWIFT_STANDARD_LIBRARIES = YES;
				CODE_SIGN_STYLE = Automatic;
				INFOPLIST_FILE = "magic-appUITests/Info.plist";
				LD_RUNPATH_SEARCH_PATHS = (
					"$(inherited)",
					"@executable_path/Frameworks",
					"@loader_path/Frameworks",
				);
				PRODUCT_BUNDLE_IDENTIFIER = "concrete.bootcamp.magic-appUITests";
				PRODUCT_NAME = "$(TARGET_NAME)";
				SWIFT_VERSION = 5.0;
				TARGETED_DEVICE_FAMILY = "1,2";
				TEST_TARGET_NAME = "magic-app";
			};
			name = Debug;
		};
		621DA3F22707A076004A04CF /* Release */ = {
			isa = XCBuildConfiguration;
			buildSettings = {
				ALWAYS_EMBED_SWIFT_STANDARD_LIBRARIES = YES;
				CODE_SIGN_STYLE = Automatic;
				INFOPLIST_FILE = "magic-appUITests/Info.plist";
				LD_RUNPATH_SEARCH_PATHS = (
					"$(inherited)",
					"@executable_path/Frameworks",
					"@loader_path/Frameworks",
				);
				PRODUCT_BUNDLE_IDENTIFIER = "concrete.bootcamp.magic-appUITests";
				PRODUCT_NAME = "$(TARGET_NAME)";
				SWIFT_VERSION = 5.0;
				TARGETED_DEVICE_FAMILY = "1,2";
				TEST_TARGET_NAME = "magic-app";
			};
			name = Release;
		};
/* End XCBuildConfiguration section */

/* Begin XCConfigurationList section */
		621DA3B82707A073004A04CF /* Build configuration list for PBXProject "magic-app" */ = {
			isa = XCConfigurationList;
			buildConfigurations = (
				621DA3E82707A076004A04CF /* Debug */,
				621DA3E92707A076004A04CF /* Release */,
			);
			defaultConfigurationIsVisible = 0;
			defaultConfigurationName = Release;
		};
		621DA3EA2707A076004A04CF /* Build configuration list for PBXNativeTarget "magic-app" */ = {
			isa = XCConfigurationList;
			buildConfigurations = (
				621DA3EB2707A076004A04CF /* Debug */,
				621DA3EC2707A076004A04CF /* Release */,
			);
			defaultConfigurationIsVisible = 0;
			defaultConfigurationName = Release;
		};
		621DA3ED2707A076004A04CF /* Build configuration list for PBXNativeTarget "magic-appTests" */ = {
			isa = XCConfigurationList;
			buildConfigurations = (
				621DA3EE2707A076004A04CF /* Debug */,
				621DA3EF2707A076004A04CF /* Release */,
			);
			defaultConfigurationIsVisible = 0;
			defaultConfigurationName = Release;
		};
		621DA3F02707A076004A04CF /* Build configuration list for PBXNativeTarget "magic-appUITests" */ = {
			isa = XCConfigurationList;
			buildConfigurations = (
				621DA3F12707A076004A04CF /* Debug */,
				621DA3F22707A076004A04CF /* Release */,
			);
			defaultConfigurationIsVisible = 0;
			defaultConfigurationName = Release;
		};
/* End XCConfigurationList section */

/* Begin XCVersionGroup section */
		621DA3C92707A073004A04CF /* magic_app.xcdatamodeld */ = {
			isa = XCVersionGroup;
			children = (
				621DA3CA2707A073004A04CF /* magic_app.xcdatamodel */,
			);
			currentVersion = 621DA3CA2707A073004A04CF /* magic_app.xcdatamodel */;
			path = magic_app.xcdatamodeld;
			sourceTree = "<group>";
			versionGroupType = wrapper.xcdatamodel;
		};
/* End XCVersionGroup section */
	};
	rootObject = 621DA3B52707A073004A04CF /* Project object */;
}
